
Microsoft Visual Studio Solution File, Format Version 12.00
# Visual Studio Version 16
VisualStudioVersion = 16.0.30907.101
MinimumVisualStudioVersion = 10.0.40219.1
Project("{FAE04EC0-301F-11D3-BF4B-00C04F79EFBC}") = "Puzzle_Solver_GUI", "Puzzle_Solver_GUI\Puzzle_Solver_GUI.csproj", "{93421BEE-1531-40DB-89E8-AFC71FE233C5}"
EndProject
Global
	GlobalSection(SolutionConfigurationPlatforms) = preSolution
		Debug|Any CPU = Debug|Any CPU
		Release|Any CPU = Release|Any CPU
	EndGlobalSection
	GlobalSection(ProjectConfigurationPlatforms) = postSolution
		{93421BEE-1531-40DB-89E8-AFC71FE233C5}.Debug|Any CPU.ActiveCfg = Debug|Any CPU
		{93421BEE-1531-40DB-89E8-AFC71FE233C5}.Debug|Any CPU.Build.0 = Debug|Any CPU
		{93421BEE-1531-40DB-89E8-AFC71FE233C5}.Release|Any CPU.ActiveCfg = Release|Any CPU
		{93421BEE-1531-40DB-89E8-AFC71FE233C5}.Release|Any CPU.Build.0 = Release|Any CPU
	EndGlobalSection
	GlobalSection(SolutionProperties) = preSolution
		HideSolutionNode = FALSE
	EndGlobalSection
	GlobalSection(ExtensibilityGlobals) = postSolution
		SolutionGuid = {E5FB5D9B-0BF7-4A97-BCBC-CC1041564BF9}
	EndGlobalSection
EndGlobal
